
Microsoft Visual Studio Solution File, Format Version 12.00
# Visual Studio Version 16
VisualStudioVersion = 16.0.29123.88
MinimumVisualStudioVersion = 10.0.40219.1
Project("{FAE04EC0-301F-11D3-BF4B-00C04F79EFBC}") = "3camadas", "Sistema3Camadas\3camadas.csproj", "{235FFBDA-41F7-4E3F-BC91-AB61184ABAC7}"
EndProject
Global
	GlobalSection(SolutionConfigurationPlatforms) = preSolution
		Debug|Any CPU = Debug|Any CPU
		Release|Any CPU = Release|Any CPU
	EndGlobalSection
	GlobalSection(ProjectConfigurationPlatforms) = postSolution
		{235FFBDA-41F7-4E3F-BC91-AB61184ABAC7}.Debug|Any CPU.ActiveCfg = Debug|Any CPU
		{235FFBDA-41F7-4E3F-BC91-AB61184ABAC7}.Debug|Any CPU.Build.0 = Debug|Any CPU
		{235FFBDA-41F7-4E3F-BC91-AB61184ABAC7}.Release|Any CPU.ActiveCfg = Release|Any CPU
		{235FFBDA-41F7-4E3F-BC91-AB61184ABAC7}.Release|Any CPU.Build.0 = Release|Any CPU
	EndGlobalSection
	GlobalSection(SolutionProperties) = preSolution
		HideSolutionNode = FALSE
	EndGlobalSection
	GlobalSection(ExtensibilityGlobals) = postSolution
		SolutionGuid = {B5550441-9F39-4022-8F15-41CA2D4519E0}
	EndGlobalSection
EndGlobal
